
Microsoft Visual Studio Solution File, Format Version 12.00
# Visual Studio Version 17
VisualStudioVersion = 17.2.32630.192
MinimumVisualStudioVersion = 10.0.40219.1
Project("{FAE04EC0-301F-11D3-BF4B-00C04F79EFBC}") = "dz-gameTable", "dz-gameTable\dz-gameTable.csproj", "{D00FFE1D-6F07-41B3-ABF1-07F2530B91F7}"
EndProject
Global
	GlobalSection(SolutionConfigurationPlatforms) = preSolution
		Debug|Any CPU = Debug|Any CPU
		Release|Any CPU = Release|Any CPU
	EndGlobalSection
	GlobalSection(ProjectConfigurationPlatforms) = postSolution
		{D00FFE1D-6F07-41B3-ABF1-07F2530B91F7}.Debug|Any CPU.ActiveCfg = Debug|Any CPU
		{D00FFE1D-6F07-41B3-ABF1-07F2530B91F7}.Debug|Any CPU.Build.0 = Debug|Any CPU
		{D00FFE1D-6F07-41B3-ABF1-07F2530B91F7}.Release|Any CPU.ActiveCfg = Release|Any CPU
		{D00FFE1D-6F07-41B3-ABF1-07F2530B91F7}.Release|Any CPU.Build.0 = Release|Any CPU
	EndGlobalSection
	GlobalSection(SolutionProperties) = preSolution
		HideSolutionNode = FALSE
	EndGlobalSection
	GlobalSection(ExtensibilityGlobals) = postSolution
		SolutionGuid = {E7B8ED13-2A57-43CE-881E-3CAABF2ED4B4}
	EndGlobalSection
EndGlobal
